
Microsoft Visual Studio Solution File, Format Version 12.00
# Visual Studio Version 17
VisualStudioVersion = 17.12.35527.113
MinimumVisualStudioVersion = 10.0.40219.1
Project("{FAE04EC0-301F-11D3-BF4B-00C04F79EFBC}") = "Cw17", "Cw17\Cw17.csproj", "{F48AFD49-8A7F-4910-AB24-2B208A47161E}"
EndProject
Project("{FAE04EC0-301F-11D3-BF4B-00C04F79EFBC}") = "Hw18", "Hw18\Hw18.csproj", "{FE25DA9B-A4DC-4D7F-8D2E-82AC7D98C671}"
EndProject
Global
	GlobalSection(SolutionConfigurationPlatforms) = preSolution
		Debug|Any CPU = Debug|Any CPU
		Release|Any CPU = Release|Any CPU
	EndGlobalSection
	GlobalSection(ProjectConfigurationPlatforms) = postSolution
		{F48AFD49-8A7F-4910-AB24-2B208A47161E}.Debug|Any CPU.ActiveCfg = Debug|Any CPU
		{F48AFD49-8A7F-4910-AB24-2B208A47161E}.Debug|Any CPU.Build.0 = Debug|Any CPU
		{F48AFD49-8A7F-4910-AB24-2B208A47161E}.Release|Any CPU.ActiveCfg = Release|Any CPU
		{F48AFD49-8A7F-4910-AB24-2B208A47161E}.Release|Any CPU.Build.0 = Release|Any CPU
		{FE25DA9B-A4DC-4D7F-8D2E-82AC7D98C671}.Debug|Any CPU.ActiveCfg = Debug|Any CPU
		{FE25DA9B-A4DC-4D7F-8D2E-82AC7D98C671}.Debug|Any CPU.Build.0 = Debug|Any CPU
		{FE25DA9B-A4DC-4D7F-8D2E-82AC7D98C671}.Release|Any CPU.ActiveCfg = Release|Any CPU
		{FE25DA9B-A4DC-4D7F-8D2E-82AC7D98C671}.Release|Any CPU.Build.0 = Release|Any CPU
	EndGlobalSection
	GlobalSection(SolutionProperties) = preSolution
		HideSolutionNode = FALSE
	EndGlobalSection
EndGlobal
